{
  "name": "eta_calculator",
  "version": "1.0.0",
  "lockfileVersion": 1,
  "requires": true,
  "dependencies": {
    "kafkajs": {
      "version": "1.4.3",
      "resolved": "https://registry.npmjs.org/kafkajs/-/kafkajs-1.4.3.tgz",
      "integrity": "sha512-g2lhObEHKe7ok3cXN8WoeSc8yS5TyhrAnSEG+tdxigwYN0y3GyhLsgxYFD+f77vgGAO8YJejhSfU5nwT8Ldq7g==",
      "requires": {
        "long": "^4.0.0"
      }
    },
    "long": {
      "version": "4.0.0",
      "resolved": "https://registry.npmjs.org/long/-/long-4.0.0.tgz",
      "integrity": "sha1-mntxz7fTYaGU6lVSQckvdGjVvyg="
    }
  }
}
